
Microsoft Visual Studio Solution File, Format Version 12.00
# Visual Studio Version 17
VisualStudioVersion = 17.14.36811.4
MinimumVisualStudioVersion = 10.0.40219.1
Project("{FAE04EC0-301F-11D3-BF4B-00C04F79EFBC}") = "Gatekeeper", "Gatekeeper\Gatekeeper.csproj", "{7B0D821F-AF2B-4523-AEA2-7A89CA3D9379}"
EndProject
Global
	GlobalSection(SolutionConfigurationPlatforms) = preSolution
		Debug|Any CPU = Debug|Any CPU
		Release|Any CPU = Release|Any CPU
	EndGlobalSection
	GlobalSection(ProjectConfigurationPlatforms) = postSolution
		{7B0D821F-AF2B-4523-AEA2-7A89CA3D9379}.Debug|Any CPU.ActiveCfg = Debug|Any CPU
		{7B0D821F-AF2B-4523-AEA2-7A89CA3D9379}.Debug|Any CPU.Build.0 = Debug|Any CPU
		{7B0D821F-AF2B-4523-AEA2-7A89CA3D9379}.Release|Any CPU.ActiveCfg = Release|Any CPU
		{7B0D821F-AF2B-4523-AEA2-7A89CA3D9379}.Release|Any CPU.Build.0 = Release|Any CPU
	EndGlobalSection
	GlobalSection(SolutionProperties) = preSolution
		HideSolutionNode = FALSE
	EndGlobalSection
	GlobalSection(ExtensibilityGlobals) = postSolution
		SolutionGuid = {7C6243EB-868F-4242-9789-FEE80BB9970F}
	EndGlobalSection
EndGlobal
